// !$*UTF8*$!
{
	archiveVersion = 1;
	classes = {
	};
	objectVersion = 50;
	objects = {

/* Begin PBXBuildFile section */
		38CB2EF3243337DC001D58E5 /* DataManager.swift in Sources */ = {isa = PBXBuildFile; fileRef = 38CB2EE8243337DB001D58E5 /* DataManager.swift */; };
		38CB2EF4243337DC001D58E5 /* AppDelegate.swift in Sources */ = {isa = PBXBuildFile; fileRef = 38CB2EE9243337DB001D58E5 /* AppDelegate.swift */; };
		38CB2EF6243337DC001D58E5 /* PlayViewController.swift in Sources */ = {isa = PBXBuildFile; fileRef = 38CB2EEB243337DB001D58E5 /* PlayViewController.swift */; };
		38CB2EF7243337DC001D58E5 /* SceneDelegate.swift in Sources */ = {isa = PBXBuildFile; fileRef = 38CB2EEC243337DB001D58E5 /* SceneDelegate.swift */; };
		38CB2EF8243337DC001D58E5 /* ViewController.swift in Sources */ = {isa = PBXBuildFile; fileRef = 38CB2EED243337DB001D58E5 /* ViewController.swift */; };
		38CB2EFA243337DC001D58E5 /* ActivityTracker.swift in Sources */ = {isa = PBXBuildFile; fileRef = 38CB2EEF243337DC001D58E5 /* ActivityTracker.swift */; };
		38CB2EFB243337DC001D58E5 /* Info.plist in Resources */ = {isa = PBXBuildFile; fileRef = 38CB2EF0243337DC001D58E5 /* Info.plist */; };
		38CB2EFD243337DC001D58E5 /* Assets.xcassets in Resources */ = {isa = PBXBuildFile; fileRef = 38CB2EF2243337DC001D58E5 /* Assets.xcassets */; };
		38CB2F0024333878001D58E5 /* Sounds in Resources */ = {isa = PBXBuildFile; fileRef = 38CB2EFF24333878001D58E5 /* Sounds */; };
		38CB2F05243341EF001D58E5 /* Main.storyboard in Resources */ = {isa = PBXBuildFile; fileRef = 38CB2F0124333E88001D58E5 /* Main.storyboard */; };
/* End PBXBuildFile section */

/* Begin PBXFileReference section */
		38CB2EE6243336C4001D58E5 /* breakfree.app */ = {isa = PBXFileReference; explicitFileType = wrapper.application; includeInIndex = 0; path = breakfree.app; sourceTree = BUILT_PRODUCTS_DIR; };
		38CB2EE8243337DB001D58E5 /* DataManager.swift */ = {isa = PBXFileReference; fileEncoding = 4; lastKnownFileType = sourcecode.swift; path = DataManager.swift; sourceTree = "<group>"; };
		38CB2EE9243337DB001D58E5 /* AppDelegate.swift */ = {isa = PBXFileReference; fileEncoding = 4; lastKnownFileType = sourcecode.swift; path = AppDelegate.swift; sourceTree = "<group>"; };
		38CB2EEB243337DB001D58E5 /* PlayViewController.swift */ = {isa = PBXFileReference; fileEncoding = 4; lastKnownFileType = sourcecode.swift; path = PlayViewController.swift; sourceTree = "<group>"; };
		38CB2EEC243337DB001D58E5 /* SceneDelegate.swift */ = {isa = PBXFileReference; fileEncoding = 4; lastKnownFileType = sourcecode.swift; path = SceneDelegate.swift; sourceTree = "<group>"; };
		38CB2EED243337DB001D58E5 /* ViewController.swift */ = {isa = PBXFileReference; fileEncoding = 4; lastKnownFileType = sourcecode.swift; path = ViewController.swift; sourceTree = "<group>"; };
		38CB2EEF243337DC001D58E5 /* ActivityTracker.swift */ = {isa = PBXFileReference; fileEncoding = 4; lastKnownFileType = sourcecode.swift; path = ActivityTracker.swift; sourceTree = "<group>"; };
		38CB2EF0243337DC001D58E5 /* Info.plist */ = {isa = PBXFileReference; fileEncoding = 4; lastKnownFileType = text.plist.xml; path = Info.plist; sourceTree = "<group>"; };
		38CB2EF2243337DC001D58E5 /* Assets.xcassets */ = {isa = PBXFileReference; lastKnownFileType = folder.assetcatalog; path = Assets.xcassets; sourceTree = "<group>"; };
		38CB2EFF24333878001D58E5 /* Sounds */ = {isa = PBXFileReference; lastKnownFileType = folder; path = Sounds; sourceTree = "<group>"; };
		38CB2F0124333E88001D58E5 /* Main.storyboard */ = {isa = PBXFileReference; lastKnownFileType = file.storyboard; path = Main.storyboard; sourceTree = "<group>"; };
/* End PBXFileReference section */

/* Begin PBXFrameworksBuildPhase section */
		3822140C242203F600F92761 /* Frameworks */ = {
			isa = PBXFrameworksBuildPhase;
			buildActionMask = 2147483647;
			files = (
			);
			runOnlyForDeploymentPostprocessing = 0;
		};
/* End PBXFrameworksBuildPhase section */

/* Begin PBXGroup section */
		38221406242203F600F92761 = {
			isa = PBXGroup;
			children = (
				38221411242203F600F92761 /* breakfree */,
				38CB2EE6243336C4001D58E5 /* breakfree.app */,
			);
			sourceTree = "<group>";
		};
		38221411242203F600F92761 /* breakfree */ = {
			isa = PBXGroup;
			children = (
				38CB2EEF243337DC001D58E5 /* ActivityTracker.swift */,
				38CB2EE9243337DB001D58E5 /* AppDelegate.swift */,
				38CB2EED243337DB001D58E5 /* ViewController.swift */,
				38CB2EFF24333878001D58E5 /* Sounds */,
				38CB2EEB243337DB001D58E5 /* PlayViewController.swift */,
				38CB2EE8243337DB001D58E5 /* DataManager.swift */,
				38CB2EF0243337DC001D58E5 /* Info.plist */,
				38CB2F0124333E88001D58E5 /* Main.storyboard */,
				38CB2EEC243337DB001D58E5 /* SceneDelegate.swift */,
				38CB2EF2243337DC001D58E5 /* Assets.xcassets */,
			);
			path = breakfree;
			sourceTree = "<group>";
		};
/* End PBXGroup section */

/* Begin PBXNativeTarget section */
		3822140E242203F600F92761 /* breakfree */ = {
			isa = PBXNativeTarget;
			buildConfigurationList = 38221423242203FB00F92761 /* Build configuration list for PBXNativeTarget "breakfree" */;
			buildPhases = (
				3822140B242203F600F92761 /* Sources */,
				3822140C242203F600F92761 /* Frameworks */,
				3822140D242203F600F92761 /* Resources */,
			);
			buildRules = (
			);
			dependencies = (
			);
			name = breakfree;
			productName = breakfree;
			productReference = 38CB2EE6243336C4001D58E5 /* breakfree.app */;
			productType = "com.apple.product-type.application";
		};
/* End PBXNativeTarget section */

/* Begin PBXProject section */
		38221407242203F600F92761 /* Project object */ = {
			isa = PBXProject;
			attributes = {
				LastSwiftUpdateCheck = 1130;
				LastUpgradeCheck = 1130;
				ORGANIZATIONNAME = "Akash Gupta";
				TargetAttributes = {
					3822140E242203F600F92761 = {
						CreatedOnToolsVersion = 11.3;
						LastSwiftMigration = 1130;
					};
				};
			};
			buildConfigurationList = 3822140A242203F600F92761 /* Build configuration list for PBXProject "breakfree" */;
			compatibilityVersion = "Xcode 9.3";
			developmentRegion = en;
			hasScannedForEncodings = 0;
			knownRegions = (
				en,
				Base,
			);
			mainGroup = 38221406242203F600F92761;
			productRefGroup = 38221406242203F600F92761;
			projectDirPath = "";
			projectRoot = "";
			targets = (
				3822140E242203F600F92761 /* breakfree */,
			);
		};
/* End PBXProject section */

/* Begin PBXResourcesBuildPhase section */
		3822140D242203F600F92761 /* Resources */ = {
			isa = PBXResourcesBuildPhase;
			buildActionMask = 2147483647;
			files = (
				38CB2F05243341EF001D58E5 /* Main.storyboard in Resources */,
				38CB2EFD243337DC001D58E5 /* Assets.xcassets in Resources */,
				38CB2F0024333878001D58E5 /* Sounds in Resources */,
				38CB2EFB243337DC001D58E5 /* Info.plist in Resources */,
			);
			runOnlyForDeploymentPostprocessing = 0;
		};
/* End PBXResourcesBuildPhase section */

/* Begin PBXSourcesBuildPhase section */
		3822140B242203F600F92761 /* Sources */ = {
			isa = PBXSourcesBuildPhase;
			buildActionMask = 2147483647;
			files = (
				38CB2EF8243337DC001D58E5 /* ViewController.swift in Sources */,
				38CB2EF4243337DC001D58E5 /* AppDelegate.swift in Sources */,
				38CB2EF6243337DC001D58E5 /* PlayViewController.swift in Sources */,
				38CB2EF3243337DC001D58E5 /* DataManager.swift in Sources */,
				38CB2EF7243337DC001D58E5 /* SceneDelegate.swift in Sources */,
				38CB2EFA243337DC001D58E5 /* ActivityTracker.swift in Sources */,
			);
			runOnlyForDeploymentPostprocessing = 0;
		};
/* End PBXSourcesBuildPhase section */

/* Begin XCBuildConfiguration section */
		38221421242203FB00F92761 /* Debug */ = {
			isa = XCBuildConfiguration;
			buildSettings = {
				ALWAYS_SEARCH_USER_PATHS = NO;
				CLANG_ANALYZER_NONNULL = YES;
				CLANG_ANALYZER_NUMBER_OBJECT_CONVERSION = YES_AGGRESSIVE;
				CLANG_CXX_LANGUAGE_STANDARD = "gnu++14";
				CLANG_CXX_LIBRARY = "libc++";
				CLANG_ENABLE_MODULES = YES;
				CLANG_ENABLE_OBJC_ARC = YES;
				CLANG_ENABLE_OBJC_WEAK = YES;
				CLANG_WARN_BLOCK_CAPTURE_AUTORELEASING = YES;
				CLANG_WARN_BOOL_CONVERSION = YES;
				CLANG_WARN_COMMA = YES;
				CLANG_WARN_CONSTANT_CONVERSION = YES;
				CLANG_WARN_DEPRECATED_OBJC_IMPLEMENTATIONS = YES;
				CLANG_WARN_DIRECT_OBJC_ISA_USAGE = YES_ERROR;
				CLANG_WARN_DOCUMENTATION_COMMENTS = YES;
				CLANG_WARN_EMPTY_BODY = YES;
				CLANG_WARN_ENUM_CONVERSION = YES;
				CLANG_WARN_INFINITE_RECURSION = YES;
				CLANG_WARN_INT_CONVERSION = YES;
				CLANG_WARN_NON_LITERAL_NULL_CONVERSION = YES;
				CLANG_WARN_OBJC_IMPLICIT_RETAIN_SELF = YES;
				CLANG_WARN_OBJC_LITERAL_CONVERSION = YES;
				CLANG_WARN_OBJC_ROOT_CLASS = YES_ERROR;
				CLANG_WARN_RANGE_LOOP_ANALYSIS = YES;
				CLANG_WARN_STRICT_PROTOTYPES = YES;
				CLANG_WARN_SUSPICIOUS_MOVE = YES;
				CLANG_WARN_UNGUARDED_AVAILABILITY = YES_AGGRESSIVE;
				CLANG_WARN_UNREACHABLE_CODE = YES;
				CLANG_WARN__DUPLICATE_METHOD_MATCH = YES;
				COPY_PHASE_STRIP = NO;
				DEBUG_INFORMATION_FORMAT = dwarf;
				ENABLE_STRICT_OBJC_MSGSEND = YES;
				ENABLE_TESTABILITY = YES;
				GCC_C_LANGUAGE_STANDARD = gnu11;
				GCC_DYNAMIC_NO_PIC = NO;
				GCC_NO_COMMON_BLOCKS = YES;
				GCC_OPTIMIZATION_LEVEL = 0;
				GCC_PREPROCESSOR_DEFINITIONS = (
					"DEBUG=1",
					"$(inherited)",
				);
				GCC_WARN_64_TO_32_BIT_CONVERSION = YES;
				GCC_WARN_ABOUT_RETURN_TYPE = YES_ERROR;
				GCC_WARN_UNDECLARED_SELECTOR = YES;
				GCC_WARN_UNINITIALIZED_AUTOS = YES_AGGRESSIVE;
				GCC_WARN_UNUSED_FUNCTION = YES;
				GCC_WARN_UNUSED_VARIABLE = YES;
				IPHONEOS_DEPLOYMENT_TARGET = 13.2;
				MTL_ENABLE_DEBUG_INFO = INCLUDE_SOURCE;
				MTL_FAST_MATH = YES;
				ONLY_ACTIVE_ARCH = YES;
				SDKROOT = iphoneos;
				SWIFT_ACTIVE_COMPILATION_CONDITIONS = DEBUG;
				SWIFT_OPTIMIZATION_LEVEL = "-Onone";
			};
			name = Debug;
		};
		38221422242203FB00F92761 /* Release */ = {
			isa = XCBuildConfiguration;
			buildSettings = {
				ALWAYS_SEARCH_USER_PATHS = NO;
				CLANG_ANALYZER_NONNULL = YES;
				CLANG_ANALYZER_NUMBER_OBJECT_CONVERSION = YES_AGGRESSIVE;
				CLANG_CXX_LANGUAGE_STANDARD = "gnu++14";
				CLANG_CXX_LIBRARY = "libc++";
				CLANG_ENABLE_MODULES = YES;
				CLANG_ENABLE_OBJC_ARC = YES;
				CLANG_ENABLE_OBJC_WEAK = YES;
				CLANG_WARN_BLOCK_CAPTURE_AUTORELEASING = YES;
				CLANG_WARN_BOOL_CONVERSION = YES;
				CLANG_WARN_COMMA = YES;
				CLANG_WARN_CONSTANT_CONVERSION = YES;
				CLANG_WARN_DEPRECATED_OBJC_IMPLEMENTATIONS = YES;
				CLANG_WARN_DIRECT_OBJC_ISA_USAGE = YES_ERROR;
				CLANG_WARN_DOCUMENTATION_COMMENTS = YES;
				CLANG_WARN_EMPTY_BODY = YES;
				CLANG_WARN_ENUM_CONVERSION = YES;
				CLANG_WARN_INFINITE_RECURSION = YES;
				CLANG_WARN_INT_CONVERSION = YES;
				CLANG_WARN_NON_LITERAL_NULL_CONVERSION = YES;
				CLANG_WARN_OBJC_IMPLICIT_RETAIN_SELF = YES;
				CLANG_WARN_OBJC_LITERAL_CONVERSION = YES;
				CLANG_WARN_OBJC_ROOT_CLASS = YES_ERROR;
				CLANG_WARN_RANGE_LOOP_ANALYSIS = YES;
				CLANG_WARN_STRICT_PROTOTYPES = YES;
				CLANG_WARN_SUSPICIOUS_MOVE = YES;
				CLANG_WARN_UNGUARDED_AVAILABILITY = YES_AGGRESSIVE;
				CLANG_WARN_UNREACHABLE_CODE = YES;
				CLANG_WARN__DUPLICATE_METHOD_MATCH = YES;
				COPY_PHASE_STRIP = NO;
				DEBUG_INFORMATION_FORMAT = "dwarf-with-dsym";
				ENABLE_NS_ASSERTIONS = NO;
				ENABLE_STRICT_OBJC_MSGSEND = YES;
				GCC_C_LANGUAGE_STANDARD = gnu11;
				GCC_NO_COMMON_BLOCKS = YES;
				GCC_WARN_64_TO_32_BIT_CONVERSION = YES;
				GCC_WARN_ABOUT_RETURN_TYPE = YES_ERROR;
				GCC_WARN_UNDECLARED_SELECTOR = YES;
				GCC_WARN_UNINITIALIZED_AUTOS = YES_AGGRESSIVE;
				GCC_WARN_UNUSED_FUNCTION = YES;
				GCC_WARN_UNUSED_VARIABLE = YES;
				IPHONEOS_DEPLOYMENT_TARGET = 13.2;
				MTL_ENABLE_DEBUG_INFO = NO;
				MTL_FAST_MATH = YES;
				SDKROOT = iphoneos;
				SWIFT_COMPILATION_MODE = wholemodule;
				SWIFT_OPTIMIZATION_LEVEL = "-O";
				VALIDATE_PRODUCT = YES;
			};
			name = Release;
		};
		38221424242203FB00F92761 /* Debug */ = {
			isa = XCBuildConfiguration;
			buildSettings = {
				ASSETCATALOG_COMPILER_APPICON_NAME = AppIcon;
				CLANG_ENABLE_MODULES = YES;
				CODE_SIGN_STYLE = Automatic;
				INFOPLIST_FILE = breakfree/Info.plist;
				LD_RUNPATH_SEARCH_PATHS = (
					"$(inherited)",
					"@executable_path/Frameworks",
				);
				PRODUCT_BUNDLE_IDENTIFIER = com.Akash.breakfree;
				PRODUCT_NAME = "$(TARGET_NAME)";
				SWIFT_OBJC_BRIDGING_HEADER = "breakfree/breakfree-Bridging-Header.h";
				SWIFT_OPTIMIZATION_LEVEL = "-Onone";
				SWIFT_VERSION = 5.0;
				TARGETED_DEVICE_FAMILY = 1;
			};
			name = Debug;
		};
		38221425242203FB00F92761 /* Release */ = {
			isa = XCBuildConfiguration;
			buildSettings = {
				ASSETCATALOG_COMPILER_APPICON_NAME = AppIcon;
				CLANG_ENABLE_MODULES = YES;
				CODE_SIGN_STYLE = Automatic;
				INFOPLIST_FILE = breakfree/Info.plist;
				LD_RUNPATH_SEARCH_PATHS = (
					"$(inherited)",
					"@executable_path/Frameworks",
				);
				PRODUCT_BUNDLE_IDENTIFIER = com.Akash.breakfree;
				PRODUCT_NAME = "$(TARGET_NAME)";
				SWIFT_OBJC_BRIDGING_HEADER = "breakfree/breakfree-Bridging-Header.h";
				SWIFT_VERSION = 5.0;
				TARGETED_DEVICE_FAMILY = 1;
			};
			name = Release;
		};
/* End XCBuildConfiguration section */

/* Begin XCConfigurationList section */
		3822140A242203F600F92761 /* Build configuration list for PBXProject "breakfree" */ = {
			isa = XCConfigurationList;
			buildConfigurations = (
				38221421242203FB00F92761 /* Debug */,
				38221422242203FB00F92761 /* Release */,
			);
			defaultConfigurationIsVisible = 0;
			defaultConfigurationName = Release;
		};
		38221423242203FB00F92761 /* Build configuration list for PBXNativeTarget "breakfree" */ = {
			isa = XCConfigurationList;
			buildConfigurations = (
				38221424242203FB00F92761 /* Debug */,
				38221425242203FB00F92761 /* Release */,
			);
			defaultConfigurationIsVisible = 0;
			defaultConfigurationName = Release;
		};
/* End XCConfigurationList section */
	};
	rootObject = 38221407242203F600F92761 /* Project object */;
}
